# This file is autogenerated, do not edit; changes may be undone by the next 'dep ensure'.


[[projects]]
  name = "github.com/ciao-project/ciao"
  packages = [
    "clogger",
    "deviceinfo",
    "osprepare",
    "uuid"
  ]
  revision = "194264adc5835bca8bb6fa70cf61330a8ed64764"

[[projects]]
  branch = "master"
  name = "github.com/intel/govmm"
  packages = ["qemu"]
  revision = "22c99930c2f69fff02926e90803e4a7168d08240"

[[projects]]
  name = "github.com/pmezard/go-difflib"
  packages = ["difflib"]
  revision = ""
  version = "v1.0.0"

[[projects]]
  branch = "v2"
  name = "gopkg.in/yaml.v2"
  packages = ["."]
  revision = "1244d3ce02e3e1c16820ada0bae506b6c479f106"

[solve-meta]
  analyzer-name = "dep"
  analyzer-version = 1
  inputs-digest = "1dacc0d637dcd1284d3e450dbd487563a38d3ba06f1b818068f5c91102245e3f"
  solver-name = "gps-cdcl"
  solver-version = 1
