# This file is autogenerated, do not edit; changes may be undone by the next 'dep ensure'.


[[projects]]
  name = "github.com/ciao-project/ciao"
  packages = [
    "clogger",
    "deviceinfo",
    "osprepare",
    "uuid"
  ]
  revision = "194264adc5835bca8bb6fa70cf61330a8ed64764"

[[projects]]
  name = "github.com/inconshreveable/mousetrap"
  packages = ["."]
  revision = "76626ae9c91c4f2a10f34cad8ce83ea42c93bb75"
  version = "v1.0"

[[projects]]
  branch = "master"
  name = "github.com/intel/govmm"
  packages = ["qemu"]
  revision = "22c99930c2f69fff02926e90803e4a7168d08240"

[[projects]]
  name = "github.com/pmezard/go-difflib"
  packages = ["difflib"]
  revision = ""
  version = "v1.0.0"

[[projects]]
  name = "github.com/spf13/cobra"
  packages = ["."]
  revision = "b95ab734e27d33e0d8fbabf71ca990568d4e2020"

[[projects]]
  name = "github.com/spf13/pflag"
  packages = ["."]
  revision = "e57e3eeb33f795204c1ca35f56c44f83227c6e66"
  version = "v1.0.0"

[[projects]]
  branch = "v2"
  name = "gopkg.in/yaml.v2"
  packages = ["."]
  revision = "1244d3ce02e3e1c16820ada0bae506b6c479f106"

[solve-meta]
  analyzer-name = "dep"
  analyzer-version = 1
  inputs-digest = "2f3f32d8222410b6589bcc36a5bba92e4779a0d5080a1c1f96a1285856c943f8"
  solver-name = "gps-cdcl"
  solver-version = 1
